
Microsoft Visual Studio Solution File, Format Version 12.00
# Visual Studio Version 16
VisualStudioVersion = 16.0.30114.105
MinimumVisualStudioVersion = 10.0.40219.1
Project("{FAE04EC0-301F-11D3-BF4B-00C04F79EFBC}") = "Flask", "Flask\Flask.csproj", "{355C672E-53B3-49FD-8384-52D18F4C93B7}"
EndProject
Global
	GlobalSection(SolutionConfigurationPlatforms) = preSolution
		Debug|Any CPU = Debug|Any CPU
		Release|Any CPU = Release|Any CPU
	EndGlobalSection
	GlobalSection(ProjectConfigurationPlatforms) = postSolution
		{355C672E-53B3-49FD-8384-52D18F4C93B7}.Debug|Any CPU.ActiveCfg = Debug|Any CPU
		{355C672E-53B3-49FD-8384-52D18F4C93B7}.Debug|Any CPU.Build.0 = Debug|Any CPU
		{355C672E-53B3-49FD-8384-52D18F4C93B7}.Release|Any CPU.ActiveCfg = Release|Any CPU
		{355C672E-53B3-49FD-8384-52D18F4C93B7}.Release|Any CPU.Build.0 = Release|Any CPU
	EndGlobalSection
	GlobalSection(SolutionProperties) = preSolution
		HideSolutionNode = FALSE
	EndGlobalSection
	GlobalSection(ExtensibilityGlobals) = postSolution
		SolutionGuid = {22D6181E-480B-4D6C-B680-F11E790E046A}
	EndGlobalSection
EndGlobal
